
Microsoft Visual Studio Solution File, Format Version 12.00
# Visual Studio Version 17
VisualStudioVersion = 17.4.33213.308
MinimumVisualStudioVersion = 10.0.40219.1
Project("{FAE04EC0-301F-11D3-BF4B-00C04F79EFBC}") = "WhatsCookTodayApi", "WhatsCookTodayApi.csproj", "{0A41B3F6-CB27-4DE7-B227-DF3DC40BBF3F}"
EndProject
Global
	GlobalSection(SolutionConfigurationPlatforms) = preSolution
		Debug|Any CPU = Debug|Any CPU
		Release|Any CPU = Release|Any CPU
	EndGlobalSection
	GlobalSection(ProjectConfigurationPlatforms) = postSolution
		{0A41B3F6-CB27-4DE7-B227-DF3DC40BBF3F}.Debug|Any CPU.ActiveCfg = Debug|Any CPU
		{0A41B3F6-CB27-4DE7-B227-DF3DC40BBF3F}.Debug|Any CPU.Build.0 = Debug|Any CPU
		{0A41B3F6-CB27-4DE7-B227-DF3DC40BBF3F}.Release|Any CPU.ActiveCfg = Release|Any CPU
		{0A41B3F6-CB27-4DE7-B227-DF3DC40BBF3F}.Release|Any CPU.Build.0 = Release|Any CPU
	EndGlobalSection
	GlobalSection(SolutionProperties) = preSolution
		HideSolutionNode = FALSE
	EndGlobalSection
	GlobalSection(ExtensibilityGlobals) = postSolution
		SolutionGuid = {EA4D2E1C-EBD7-4331-95FF-D1C19E0433A3}
	EndGlobalSection
EndGlobal
